
Microsoft Visual Studio Solution File, Format Version 12.00
# Visual Studio Version 17
VisualStudioVersion = 17.12.35707.178
MinimumVisualStudioVersion = 10.0.40219.1
Project("{FAE04EC0-301F-11D3-BF4B-00C04F79EFBC}") = "GameMasterGuide.con", "..\GameMasterGuide.con\GameMasterGuide.con.csproj", "{4AAAB7A9-9E4D-43D3-9420-2EBD10B7CEB7}"
EndProject
Project("{FAE04EC0-301F-11D3-BF4B-00C04F79EFBC}") = "GameMasterGuide.win", "GameMasterGuide.win\GameMasterGuide.win.csproj", "{A390AB81-B2CA-4EDC-BC0F-F18E13CF159C}"
EndProject
Global
	GlobalSection(SolutionConfigurationPlatforms) = preSolution
		Debug|Any CPU = Debug|Any CPU
		Release|Any CPU = Release|Any CPU
	EndGlobalSection
	GlobalSection(ProjectConfigurationPlatforms) = postSolution
		{4AAAB7A9-9E4D-43D3-9420-2EBD10B7CEB7}.Debug|Any CPU.ActiveCfg = Debug|Any CPU
		{4AAAB7A9-9E4D-43D3-9420-2EBD10B7CEB7}.Debug|Any CPU.Build.0 = Debug|Any CPU
		{4AAAB7A9-9E4D-43D3-9420-2EBD10B7CEB7}.Release|Any CPU.ActiveCfg = Release|Any CPU
		{4AAAB7A9-9E4D-43D3-9420-2EBD10B7CEB7}.Release|Any CPU.Build.0 = Release|Any CPU
		{A390AB81-B2CA-4EDC-BC0F-F18E13CF159C}.Debug|Any CPU.ActiveCfg = Debug|Any CPU
		{A390AB81-B2CA-4EDC-BC0F-F18E13CF159C}.Debug|Any CPU.Build.0 = Debug|Any CPU
		{A390AB81-B2CA-4EDC-BC0F-F18E13CF159C}.Release|Any CPU.ActiveCfg = Release|Any CPU
		{A390AB81-B2CA-4EDC-BC0F-F18E13CF159C}.Release|Any CPU.Build.0 = Release|Any CPU
	EndGlobalSection
	GlobalSection(SolutionProperties) = preSolution
		HideSolutionNode = FALSE
	EndGlobalSection
EndGlobal
